{
  "name": "PlayFabNodeJS",
  "lockfileVersion": 2,
  "requires": true,
  "packages": {
    "": {
      "dependencies": {
        "playfab-sdk": "^2.78.211108"
      }
    },
    "node_modules/playfab-sdk": {
      "version": "2.78.211108",
      "resolved": "https://registry.npmjs.org/playfab-sdk/-/playfab-sdk-2.78.211108.tgz",
      "integrity": "sha512-fQJgvkg2DFOJOKLcl0tAh90iO9tZapeBZeZdHwdpBJsPLlU84hCHGk5o0tWmuf80l5jqB17vruwTFQBOJKAYuw=="
    }
  },
  "dependencies": {
    "playfab-sdk": {
      "version": "2.78.211108",
      "resolved": "https://registry.npmjs.org/playfab-sdk/-/playfab-sdk-2.78.211108.tgz",
      "integrity": "sha512-fQJgvkg2DFOJOKLcl0tAh90iO9tZapeBZeZdHwdpBJsPLlU84hCHGk5o0tWmuf80l5jqB17vruwTFQBOJKAYuw=="
    }
  }
}
